Microsoft Visual Studio Solution File, Format Version 11.00
# Visual Studio 2008

Project("{24461579-EFC0-F273-9D11-CFD4926D5FBA}") = "Kaffeeklatsch", "Assembly-CSharp-firstpass-vs.csproj", "{4F312089-EB28-61B0-3FAF-E31CDA925776}"
EndProject
Project("{24461579-EFC0-F273-9D11-CFD4926D5FBA}") = "Kaffeeklatsch", "Assembly-CSharp-vs.csproj", "{B267AFA8-278C-D99F-8FC6-DF1768DCAF68}"
EndProject
Global
	GlobalSection(SolutionConfigurationPlatforms) = preSolution
		Debug|Any CPU = Debug|Any CPU
		Release|Any CPU = Release|Any CPU
	EndGlobalSection
	GlobalSection(ProjectConfigurationPlatforms) = postSolution
		{4F312089-EB28-61B0-3FAF-E31CDA925776}.Debug|Any CPU.ActiveCfg = Debug|Any CPU
		{4F312089-EB28-61B0-3FAF-E31CDA925776}.Debug|Any CPU.Build.0 = Debug|Any CPU
		{4F312089-EB28-61B0-3FAF-E31CDA925776}.Release|Any CPU.ActiveCfg = Release|Any CPU
		{4F312089-EB28-61B0-3FAF-E31CDA925776}.Release|Any CPU.Build.0 = Release|Any CPU
		{B267AFA8-278C-D99F-8FC6-DF1768DCAF68}.Debug|Any CPU.ActiveCfg = Debug|Any CPU
		{B267AFA8-278C-D99F-8FC6-DF1768DCAF68}.Debug|Any CPU.Build.0 = Debug|Any CPU
		{B267AFA8-278C-D99F-8FC6-DF1768DCAF68}.Release|Any CPU.ActiveCfg = Release|Any CPU
		{B267AFA8-278C-D99F-8FC6-DF1768DCAF68}.Release|Any CPU.Build.0 = Release|Any CPU
	EndGlobalSection
	GlobalSection(SolutionProperties) = preSolution
		HideSolutionNode = FALSE
	EndGlobalSection
			GlobalSection(MonoDevelopProperties) = preSolution
		StartupItem = Assembly-CSharp.csproj
		Policies = $0
		$0.TextStylePolicy = $1
		$1.inheritsSet = null
		$1.scope = text/x-csharp
		$0.CSharpFormattingPolicy = $2
		$2.inheritsSet = Mono
		$2.inheritsScope = text/x-csharp
		$2.scope = text/x-csharp
		$0.TextStylePolicy = $3
		$3.FileWidth = 120
		$3.TabWidth = 4
		$3.EolMarker = Unix
		$3.inheritsSet = Mono
		$3.inheritsScope = text/plain
		$3.scope = text/plain
	EndGlobalSection

EndGlobal
